<Solution>
    <Folder Name="/Demo/">
        <Project Path="demo/Nox.Avalonia.Demo/Nox.Avalonia.Demo.csproj" />
        <Project Path="demo/Nox.Avalonia.Dock.Demo/Nox.Avalonia.Dock.Demo.csproj" />
    </Folder>
    <Folder Name="/Solution Items/">
        <File Path="Directory.Packages.props" />
        <File Path=".editorconfig" />
        <File Path="README.md" />
        <File Path="LICENSE" />
    </Folder>
    <Folder Name="/Solution Items/Src/">
        <File Path="src/Directory.Build.props" />
    </Folder>
    <Project Path="src/Nox.Avalonia/Nox.Avalonia.csproj" />
    <Project Path="src/Nox.Avalonia.DataGrid/Nox.Avalonia.DataGrid.csproj" />
    <Project Path="src/Nox.Avalonia.Dock/Nox.Avalonia.Dock.csproj" />
    <Project Path="src/Nox.Avalonia.PropertyGrid/Nox.Avalonia.PropertyGrid.csproj" />
</Solution>
